
Microsoft Visual Studio Solution File, Format Version 12.00
# Visual Studio Version 16
VisualStudioVersion = 16.0.30503.244
MinimumVisualStudioVersion = 10.0.40219.1
Project("{FAE04EC0-301F-11D3-BF4B-00C04F79EFBC}") = "WebAPI", "WebAPI\WebAPI.csproj", "{AE630980-3D30-4C11-B163-F79B38C2107F}"
EndProject
Global
	GlobalSection(SolutionConfigurationPlatforms) = preSolution
		Debug|Any CPU = Debug|Any CPU
		Release|Any CPU = Release|Any CPU
	EndGlobalSection
	GlobalSection(ProjectConfigurationPlatforms) = postSolution
		{AE630980-3D30-4C11-B163-F79B38C2107F}.Debug|Any CPU.ActiveCfg = Debug|Any CPU
		{AE630980-3D30-4C11-B163-F79B38C2107F}.Debug|Any CPU.Build.0 = Debug|Any CPU
		{AE630980-3D30-4C11-B163-F79B38C2107F}.Release|Any CPU.ActiveCfg = Release|Any CPU
		{AE630980-3D30-4C11-B163-F79B38C2107F}.Release|Any CPU.Build.0 = Release|Any CPU
	EndGlobalSection
	GlobalSection(SolutionProperties) = preSolution
		HideSolutionNode = FALSE
	EndGlobalSection
	GlobalSection(ExtensibilityGlobals) = postSolution
		SolutionGuid = {3DB17A75-2949-449B-825F-3B2CFD97999B}
	EndGlobalSection
EndGlobal
